
Microsoft Visual Studio Solution File, Format Version 11.00
# Visual Studio 2010
Project("{FAE04EC0-301F-11D3-BF4B-00C04F79EFBC}") = "SA.Android", "SA.Android.csproj", "{7575140c-e7c7-05a5-f0e3-c8d1990a3b39}"
EndProject
Project("{FAE04EC0-301F-11D3-BF4B-00C04F79EFBC}") = "Zenject", "Zenject.csproj", "{1cfb9808-d979-347d-fc5a-21903b2631da}"
EndProject
Project("{FAE04EC0-301F-11D3-BF4B-00C04F79EFBC}") = "SA.iOS", "SA.iOS.csproj", "{9084c752-ba18-93d1-6e93-3428648c682d}"
EndProject
Project("{FAE04EC0-301F-11D3-BF4B-00C04F79EFBC}") = "RMAZOR", "RMAZOR.csproj", "{92a482b9-d6ff-fdc6-3a70-65826a212f32}"
EndProject
Project("{FAE04EC0-301F-11D3-BF4B-00C04F79EFBC}") = "Lean.Localization", "Lean.Localization.csproj", "{9effb9b0-5df2-d59f-eaf7-6f13fd62e218}"
EndProject
Project("{FAE04EC0-301F-11D3-BF4B-00C04F79EFBC}") = "LeTai.TranslucentImage.Demo", "LeTai.TranslucentImage.Demo.csproj", "{8984c209-a36b-c7b9-35ec-a1322f14e2f3}"
EndProject
Project("{FAE04EC0-301F-11D3-BF4B-00C04F79EFBC}") = "StompyRobot.SRF", "StompyRobot.SRF.csproj", "{dbc59b87-3b94-d785-128c-d2a350190458}"
EndProject
Project("{FAE04EC0-301F-11D3-BF4B-00C04F79EFBC}") = "StompyRobot.SRDebugger", "StompyRobot.SRDebugger.csproj", "{fbf98fed-bc4f-721b-eb29-3a3e15acdd8e}"
EndProject
Project("{FAE04EC0-301F-11D3-BF4B-00C04F79EFBC}") = "ShapesRuntime", "ShapesRuntime.csproj", "{99fc1111-4b63-5864-f1e8-50ea98afe3eb}"
EndProject
Project("{FAE04EC0-301F-11D3-BF4B-00C04F79EFBC}") = "LeanTouchPlus", "LeanTouchPlus.csproj", "{91d5eed8-60af-c338-3b96-f841e164ad5a}"
EndProject
Project("{FAE04EC0-301F-11D3-BF4B-00C04F79EFBC}") = "Zenject-IntegrationTests", "Zenject-IntegrationTests.csproj", "{9d64e0e0-d2bf-0286-dbb0-b6f7de77b242}"
EndProject
Project("{FAE04EC0-301F-11D3-BF4B-00C04F79EFBC}") = "Assembly-CSharp-firstpass", "Assembly-CSharp-firstpass.csproj", "{8e399d07-fc4a-7ecd-7881-f923d075ebd1}"
EndProject
Project("{FAE04EC0-301F-11D3-BF4B-00C04F79EFBC}") = "MoreMountains.NiceVibrations.Haptics", "MoreMountains.NiceVibrations.Haptics.csproj", "{9aab1553-c3d7-df33-4c02-5edc382b5095}"
EndProject
Project("{FAE04EC0-301F-11D3-BF4B-00C04F79EFBC}") = "StansAssets.Foundation", "StansAssets.Foundation.csproj", "{3ffcb80e-567a-2c91-0b86-7c366c8047e2}"
EndProject
Project("{FAE04EC0-301F-11D3-BF4B-00C04F79EFBC}") = "Zenject-IntegrationTests-Editor", "Zenject-IntegrationTests-Editor.csproj", "{1c424744-957a-26f4-d8e0-db4a715d0533}"
EndProject
Project("{FAE04EC0-301F-11D3-BF4B-00C04F79EFBC}") = "MathfsAsmdef", "MathfsAsmdef.csproj", "{ec80512d-605a-e0b8-1d1e-d2c492387686}"
EndProject
Project("{FAE04EC0-301F-11D3-BF4B-00C04F79EFBC}") = "GooglePlayGames", "GooglePlayGames.csproj", "{8d2fc42c-d69a-95f0-d471-742e20b1ff39}"
EndProject
Project("{FAE04EC0-301F-11D3-BF4B-00C04F79EFBC}") = "MoreMountains.NiceVibrations.Demos", "MoreMountains.NiceVibrations.Demos.csproj", "{92416762-006e-2183-490d-86acbf2acf21}"
EndProject
Project("{FAE04EC0-301F-11D3-BF4B-00C04F79EFBC}") = "CameraEffects", "CameraEffects.csproj", "{103dcb2d-a996-0447-6d34-dc1f92e76ead}"
EndProject
Project("{FAE04EC0-301F-11D3-BF4B-00C04F79EFBC}") = "LeTai.TranslucentImage", "LeTai.TranslucentImage.csproj", "{8fa200cd-f859-95b4-8c64-e2b8ecf5583a}"
EndProject
Project("{FAE04EC0-301F-11D3-BF4B-00C04F79EFBC}") = "Assembly-CSharp", "Assembly-CSharp.csproj", "{8441f412-22a4-275f-22e6-507969043f15}"
EndProject
Project("{FAE04EC0-301F-11D3-BF4B-00C04F79EFBC}") = "Client.Common", "Client.Common.csproj", "{ec10a1ec-e58e-a37b-9557-808f23aa10e1}"
EndProject
Project("{FAE04EC0-301F-11D3-BF4B-00C04F79EFBC}") = "SA.Foundation", "SA.Foundation.csproj", "{603797c3-be06-50b9-a839-369f4cb8af60}"
EndProject
Project("{FAE04EC0-301F-11D3-BF4B-00C04F79EFBC}") = "LeanTouch", "LeanTouch.csproj", "{fabab6fd-ce5d-b8e9-c7f1-00dab331447b}"
EndProject
Project("{FAE04EC0-301F-11D3-BF4B-00C04F79EFBC}") = "Google.Android.PerformanceTuner", "Google.Android.PerformanceTuner.csproj", "{7494cc53-568c-4a49-8512-d83f6c447d17}"
EndProject
Project("{FAE04EC0-301F-11D3-BF4B-00C04F79EFBC}") = "LeanCommon", "LeanCommon.csproj", "{b84c5e54-bf41-bdac-dd64-59140a6d59ce}"
EndProject
Project("{FAE04EC0-301F-11D3-BF4B-00C04F79EFBC}") = "MoreMountains.NiceVibrations", "MoreMountains.NiceVibrations.csproj", "{d044e99d-0d9a-740a-d68a-047fc0ed20b8}"
EndProject
Project("{FAE04EC0-301F-11D3-BF4B-00C04F79EFBC}") = "Lofelt.NiceVibrations", "Lofelt.NiceVibrations.csproj", "{37cfc2ae-d367-7881-4448-056750033767}"
EndProject
Project("{FAE04EC0-301F-11D3-BF4B-00C04F79EFBC}") = "StansAssets.Plugins", "StansAssets.Plugins.csproj", "{572591ff-0ef8-e2a5-fae2-7eb402acbe09}"
EndProject
Project("{FAE04EC0-301F-11D3-BF4B-00C04F79EFBC}") = "ProceduralImage", "ProceduralImage.csproj", "{831d7eec-b0df-0db7-1132-15eede5d1596}"
EndProject
Project("{FAE04EC0-301F-11D3-BF4B-00C04F79EFBC}") = "Hierarchy2.Runtime", "Hierarchy2.Runtime.csproj", "{ecd2bf46-9669-a61b-7c0b-9f38097a290e}"
EndProject
Project("{FAE04EC0-301F-11D3-BF4B-00C04F79EFBC}") = "ZMAZOR", "ZMAZOR.csproj", "{191dd238-7d57-8b27-45fa-95a19d57745e}"
EndProject
Project("{FAE04EC0-301F-11D3-BF4B-00C04F79EFBC}") = "MoreMountains.NiceVibrations.Rumble", "MoreMountains.NiceVibrations.Rumble.csproj", "{a04b0438-47ec-12ce-4652-1bdb99dbd17b}"
EndProject
Project("{FAE04EC0-301F-11D3-BF4B-00C04F79EFBC}") = "MiniIT.AdvertisingIdFetcher", "MiniIT.AdvertisingIdFetcher.csproj", "{3902ff1d-da36-8526-bde3-93c4bb0a65dc}"
EndProject
Project("{FAE04EC0-301F-11D3-BF4B-00C04F79EFBC}") = "MoreMountains.NiceVibrations.Rumble.Editor", "MoreMountains.NiceVibrations.Rumble.Editor.csproj", "{15649502-615b-247e-36cf-22f7863a9883}"
EndProject
Project("{FAE04EC0-301F-11D3-BF4B-00C04F79EFBC}") = "SA.Android.Manifest", "SA.Android.Manifest.csproj", "{869f5012-7037-6276-2e54-a11088fbdb90}"
EndProject
Project("{FAE04EC0-301F-11D3-BF4B-00C04F79EFBC}") = "Google.Android.PerformanceTuner_gen", "Google.Android.PerformanceTuner_gen.csproj", "{387d2185-e8fa-cbeb-64ce-46c508e0c175}"
EndProject
Project("{FAE04EC0-301F-11D3-BF4B-00C04F79EFBC}") = "Zenject-PoolMonitor-Editor", "Zenject-PoolMonitor-Editor.csproj", "{63b2b48a-78b3-8da0-b943-c308151a6ef3}"
EndProject
Project("{FAE04EC0-301F-11D3-BF4B-00C04F79EFBC}") = "Zenject-UnitTests-Editor", "Zenject-UnitTests-Editor.csproj", "{6e1e3ec6-e18c-554f-5da4-49773c4445a0}"
EndProject
Project("{FAE04EC0-301F-11D3-BF4B-00C04F79EFBC}") = "SA.Android.Manifest.Editor", "SA.Android.Manifest.Editor.csproj", "{0f8537a7-0d72-2f6b-cce0-195626c8c6cf}"
EndProject
Project("{FAE04EC0-301F-11D3-BF4B-00C04F79EFBC}") = "SA.Android.Editor", "SA.Android.Editor.csproj", "{8fe23955-c20c-8f8e-1d8a-501909f6939c}"
EndProject
Project("{FAE04EC0-301F-11D3-BF4B-00C04F79EFBC}") = "Assembly-CSharp-Editor", "Assembly-CSharp-Editor.csproj", "{9cf74455-0653-9f90-c855-53d6959d5dfd}"
EndProject
Project("{FAE04EC0-301F-11D3-BF4B-00C04F79EFBC}") = "StansAssets.IOS.XCode", "StansAssets.IOS.XCode.csproj", "{a0582a18-e061-4f96-98da-1b6b6149bdee}"
EndProject
Project("{FAE04EC0-301F-11D3-BF4B-00C04F79EFBC}") = "SA.iOS.Editor", "SA.iOS.Editor.csproj", "{dbdba6a7-f2f0-7ea9-ccd3-548e4c747b67}"
EndProject
Project("{FAE04EC0-301F-11D3-BF4B-00C04F79EFBC}") = "ShapesEditor", "ShapesEditor.csproj", "{9f834fb6-a752-30ea-da39-1ca927291744}"
EndProject
Project("{FAE04EC0-301F-11D3-BF4B-00C04F79EFBC}") = "StompyRobot.SRF.Editor", "StompyRobot.SRF.Editor.csproj", "{e51e2259-817a-a9df-f478-b84e8f19bafd}"
EndProject
Project("{FAE04EC0-301F-11D3-BF4B-00C04F79EFBC}") = "StansAssets.Foundation.Editor", "StansAssets.Foundation.Editor.csproj", "{d56f7dcc-0d39-3902-3b00-900c2d1b182b}"
EndProject
Project("{FAE04EC0-301F-11D3-BF4B-00C04F79EFBC}") = "StompyRobot.SRDebugger.Editor", "StompyRobot.SRDebugger.Editor.csproj", "{979c0f51-f258-2364-de8c-5d0e12a1900f}"
EndProject
Project("{FAE04EC0-301F-11D3-BF4B-00C04F79EFBC}") = "LeTai.TranslucentImage.Editor", "LeTai.TranslucentImage.Editor.csproj", "{01051c17-14b4-20b4-9ab3-f03dad924641}"
EndProject
Project("{FAE04EC0-301F-11D3-BF4B-00C04F79EFBC}") = "SA.Foundation.Editor", "SA.Foundation.Editor.csproj", "{bfa4af32-f823-126f-0b36-8689a73e7438}"
EndProject
Project("{FAE04EC0-301F-11D3-BF4B-00C04F79EFBC}") = "Zenject-TestFramework", "Zenject-TestFramework.csproj", "{d1024056-1084-ea89-f063-b34a3adceced}"
EndProject
Project("{FAE04EC0-301F-11D3-BF4B-00C04F79EFBC}") = "Assembly-CSharp-Editor-firstpass", "Assembly-CSharp-Editor-firstpass.csproj", "{6c069222-a403-3357-4636-43653c20a180}"
EndProject
Project("{FAE04EC0-301F-11D3-BF4B-00C04F79EFBC}") = "Google.Android.PerformanceTuner.Editor", "Google.Android.PerformanceTuner.Editor.csproj", "{368cf049-f75d-0a3f-4039-a90bb86efaa9}"
EndProject
Project("{FAE04EC0-301F-11D3-BF4B-00C04F79EFBC}") = "StansAssets.Plugins.Editor", "StansAssets.Plugins.Editor.csproj", "{46a768cf-0c9b-596d-69cb-da65ad487ead}"
EndProject
Project("{FAE04EC0-301F-11D3-BF4B-00C04F79EFBC}") = "MoreMountains.NiceVibrations.Editor", "MoreMountains.NiceVibrations.Editor.csproj", "{542d7cc5-ff84-220e-82cb-600dcd89302d}"
EndProject
Project("{FAE04EC0-301F-11D3-BF4B-00C04F79EFBC}") = "Zenject-ReflectionBaking-Editor", "Zenject-ReflectionBaking-Editor.csproj", "{4e3d4c2c-836e-080c-5950-b3af7e3c0286}"
EndProject
Project("{FAE04EC0-301F-11D3-BF4B-00C04F79EFBC}") = "GoogleMobileAds.Editor", "GoogleMobileAds.Editor.csproj", "{7e00453d-07e2-cf85-0fe7-60952118f595}"
EndProject
Project("{FAE04EC0-301F-11D3-BF4B-00C04F79EFBC}") = "Zenject-Editor", "Zenject-Editor.csproj", "{41c99686-a020-df23-0a15-667f30a831c4}"
EndProject
Project("{FAE04EC0-301F-11D3-BF4B-00C04F79EFBC}") = "Hierarchy2.Editor", "Hierarchy2.Editor.csproj", "{b898a651-6f82-fbed-dad4-ba57469584ee}"
EndProject
Project("{FAE04EC0-301F-11D3-BF4B-00C04F79EFBC}") = "Lofelt.NiceVibrations.Editor", "Lofelt.NiceVibrations.Editor.csproj", "{e23a20b8-bdc8-3ba8-140b-6724d85f8207}"
EndProject
Global
	GlobalSection(SolutionConfigurationPlatforms) = preSolution
		Debug|Any CPU = Debug|Any CPU
	EndGlobalSection
	GlobalSection(ProjectConfigurationPlatforms) = postSolution
		{7575140c-e7c7-05a5-f0e3-c8d1990a3b39}.Debug|Any CPU.ActiveCfg = Debug|Any CPU
		{7575140c-e7c7-05a5-f0e3-c8d1990a3b39}.Debug|Any CPU.Build.0 = Debug|Any CPU
		{1cfb9808-d979-347d-fc5a-21903b2631da}.Debug|Any CPU.ActiveCfg = Debug|Any CPU
		{1cfb9808-d979-347d-fc5a-21903b2631da}.Debug|Any CPU.Build.0 = Debug|Any CPU
		{9084c752-ba18-93d1-6e93-3428648c682d}.Debug|Any CPU.ActiveCfg = Debug|Any CPU
		{9084c752-ba18-93d1-6e93-3428648c682d}.Debug|Any CPU.Build.0 = Debug|Any CPU
		{92a482b9-d6ff-fdc6-3a70-65826a212f32}.Debug|Any CPU.ActiveCfg = Debug|Any CPU
		{92a482b9-d6ff-fdc6-3a70-65826a212f32}.Debug|Any CPU.Build.0 = Debug|Any CPU
		{9effb9b0-5df2-d59f-eaf7-6f13fd62e218}.Debug|Any CPU.ActiveCfg = Debug|Any CPU
		{9effb9b0-5df2-d59f-eaf7-6f13fd62e218}.Debug|Any CPU.Build.0 = Debug|Any CPU
		{8984c209-a36b-c7b9-35ec-a1322f14e2f3}.Debug|Any CPU.ActiveCfg = Debug|Any CPU
		{8984c209-a36b-c7b9-35ec-a1322f14e2f3}.Debug|Any CPU.Build.0 = Debug|Any CPU
		{dbc59b87-3b94-d785-128c-d2a350190458}.Debug|Any CPU.ActiveCfg = Debug|Any CPU
		{dbc59b87-3b94-d785-128c-d2a350190458}.Debug|Any CPU.Build.0 = Debug|Any CPU
		{fbf98fed-bc4f-721b-eb29-3a3e15acdd8e}.Debug|Any CPU.ActiveCfg = Debug|Any CPU
		{fbf98fed-bc4f-721b-eb29-3a3e15acdd8e}.Debug|Any CPU.Build.0 = Debug|Any CPU
		{99fc1111-4b63-5864-f1e8-50ea98afe3eb}.Debug|Any CPU.ActiveCfg = Debug|Any CPU
		{99fc1111-4b63-5864-f1e8-50ea98afe3eb}.Debug|Any CPU.Build.0 = Debug|Any CPU
		{91d5eed8-60af-c338-3b96-f841e164ad5a}.Debug|Any CPU.ActiveCfg = Debug|Any CPU
		{91d5eed8-60af-c338-3b96-f841e164ad5a}.Debug|Any CPU.Build.0 = Debug|Any CPU
		{9d64e0e0-d2bf-0286-dbb0-b6f7de77b242}.Debug|Any CPU.ActiveCfg = Debug|Any CPU
		{9d64e0e0-d2bf-0286-dbb0-b6f7de77b242}.Debug|Any CPU.Build.0 = Debug|Any CPU
		{8e399d07-fc4a-7ecd-7881-f923d075ebd1}.Debug|Any CPU.ActiveCfg = Debug|Any CPU
		{8e399d07-fc4a-7ecd-7881-f923d075ebd1}.Debug|Any CPU.Build.0 = Debug|Any CPU
		{9aab1553-c3d7-df33-4c02-5edc382b5095}.Debug|Any CPU.ActiveCfg = Debug|Any CPU
		{9aab1553-c3d7-df33-4c02-5edc382b5095}.Debug|Any CPU.Build.0 = Debug|Any CPU
		{3ffcb80e-567a-2c91-0b86-7c366c8047e2}.Debug|Any CPU.ActiveCfg = Debug|Any CPU
		{3ffcb80e-567a-2c91-0b86-7c366c8047e2}.Debug|Any CPU.Build.0 = Debug|Any CPU
		{1c424744-957a-26f4-d8e0-db4a715d0533}.Debug|Any CPU.ActiveCfg = Debug|Any CPU
		{1c424744-957a-26f4-d8e0-db4a715d0533}.Debug|Any CPU.Build.0 = Debug|Any CPU
		{ec80512d-605a-e0b8-1d1e-d2c492387686}.Debug|Any CPU.ActiveCfg = Debug|Any CPU
		{ec80512d-605a-e0b8-1d1e-d2c492387686}.Debug|Any CPU.Build.0 = Debug|Any CPU
		{8d2fc42c-d69a-95f0-d471-742e20b1ff39}.Debug|Any CPU.ActiveCfg = Debug|Any CPU
		{8d2fc42c-d69a-95f0-d471-742e20b1ff39}.Debug|Any CPU.Build.0 = Debug|Any CPU
		{92416762-006e-2183-490d-86acbf2acf21}.Debug|Any CPU.ActiveCfg = Debug|Any CPU
		{92416762-006e-2183-490d-86acbf2acf21}.Debug|Any CPU.Build.0 = Debug|Any CPU
		{103dcb2d-a996-0447-6d34-dc1f92e76ead}.Debug|Any CPU.ActiveCfg = Debug|Any CPU
		{103dcb2d-a996-0447-6d34-dc1f92e76ead}.Debug|Any CPU.Build.0 = Debug|Any CPU
		{8fa200cd-f859-95b4-8c64-e2b8ecf5583a}.Debug|Any CPU.ActiveCfg = Debug|Any CPU
		{8fa200cd-f859-95b4-8c64-e2b8ecf5583a}.Debug|Any CPU.Build.0 = Debug|Any CPU
		{8441f412-22a4-275f-22e6-507969043f15}.Debug|Any CPU.ActiveCfg = Debug|Any CPU
		{8441f412-22a4-275f-22e6-507969043f15}.Debug|Any CPU.Build.0 = Debug|Any CPU
		{ec10a1ec-e58e-a37b-9557-808f23aa10e1}.Debug|Any CPU.ActiveCfg = Debug|Any CPU
		{ec10a1ec-e58e-a37b-9557-808f23aa10e1}.Debug|Any CPU.Build.0 = Debug|Any CPU
		{603797c3-be06-50b9-a839-369f4cb8af60}.Debug|Any CPU.ActiveCfg = Debug|Any CPU
		{603797c3-be06-50b9-a839-369f4cb8af60}.Debug|Any CPU.Build.0 = Debug|Any CPU
		{fabab6fd-ce5d-b8e9-c7f1-00dab331447b}.Debug|Any CPU.ActiveCfg = Debug|Any CPU
		{fabab6fd-ce5d-b8e9-c7f1-00dab331447b}.Debug|Any CPU.Build.0 = Debug|Any CPU
		{7494cc53-568c-4a49-8512-d83f6c447d17}.Debug|Any CPU.ActiveCfg = Debug|Any CPU
		{7494cc53-568c-4a49-8512-d83f6c447d17}.Debug|Any CPU.Build.0 = Debug|Any CPU
		{b84c5e54-bf41-bdac-dd64-59140a6d59ce}.Debug|Any CPU.ActiveCfg = Debug|Any CPU
		{b84c5e54-bf41-bdac-dd64-59140a6d59ce}.Debug|Any CPU.Build.0 = Debug|Any CPU
		{d044e99d-0d9a-740a-d68a-047fc0ed20b8}.Debug|Any CPU.ActiveCfg = Debug|Any CPU
		{d044e99d-0d9a-740a-d68a-047fc0ed20b8}.Debug|Any CPU.Build.0 = Debug|Any CPU
		{37cfc2ae-d367-7881-4448-056750033767}.Debug|Any CPU.ActiveCfg = Debug|Any CPU
		{37cfc2ae-d367-7881-4448-056750033767}.Debug|Any CPU.Build.0 = Debug|Any CPU
		{572591ff-0ef8-e2a5-fae2-7eb402acbe09}.Debug|Any CPU.ActiveCfg = Debug|Any CPU
		{572591ff-0ef8-e2a5-fae2-7eb402acbe09}.Debug|Any CPU.Build.0 = Debug|Any CPU
		{831d7eec-b0df-0db7-1132-15eede5d1596}.Debug|Any CPU.ActiveCfg = Debug|Any CPU
		{831d7eec-b0df-0db7-1132-15eede5d1596}.Debug|Any CPU.Build.0 = Debug|Any CPU
		{ecd2bf46-9669-a61b-7c0b-9f38097a290e}.Debug|Any CPU.ActiveCfg = Debug|Any CPU
		{ecd2bf46-9669-a61b-7c0b-9f38097a290e}.Debug|Any CPU.Build.0 = Debug|Any CPU
		{191dd238-7d57-8b27-45fa-95a19d57745e}.Debug|Any CPU.ActiveCfg = Debug|Any CPU
		{191dd238-7d57-8b27-45fa-95a19d57745e}.Debug|Any CPU.Build.0 = Debug|Any CPU
		{a04b0438-47ec-12ce-4652-1bdb99dbd17b}.Debug|Any CPU.ActiveCfg = Debug|Any CPU
		{a04b0438-47ec-12ce-4652-1bdb99dbd17b}.Debug|Any CPU.Build.0 = Debug|Any CPU
		{3902ff1d-da36-8526-bde3-93c4bb0a65dc}.Debug|Any CPU.ActiveCfg = Debug|Any CPU
		{3902ff1d-da36-8526-bde3-93c4bb0a65dc}.Debug|Any CPU.Build.0 = Debug|Any CPU
		{15649502-615b-247e-36cf-22f7863a9883}.Debug|Any CPU.ActiveCfg = Debug|Any CPU
		{15649502-615b-247e-36cf-22f7863a9883}.Debug|Any CPU.Build.0 = Debug|Any CPU
		{869f5012-7037-6276-2e54-a11088fbdb90}.Debug|Any CPU.ActiveCfg = Debug|Any CPU
		{869f5012-7037-6276-2e54-a11088fbdb90}.Debug|Any CPU.Build.0 = Debug|Any CPU
		{387d2185-e8fa-cbeb-64ce-46c508e0c175}.Debug|Any CPU.ActiveCfg = Debug|Any CPU
		{387d2185-e8fa-cbeb-64ce-46c508e0c175}.Debug|Any CPU.Build.0 = Debug|Any CPU
		{63b2b48a-78b3-8da0-b943-c308151a6ef3}.Debug|Any CPU.ActiveCfg = Debug|Any CPU
		{63b2b48a-78b3-8da0-b943-c308151a6ef3}.Debug|Any CPU.Build.0 = Debug|Any CPU
		{6e1e3ec6-e18c-554f-5da4-49773c4445a0}.Debug|Any CPU.ActiveCfg = Debug|Any CPU
		{6e1e3ec6-e18c-554f-5da4-49773c4445a0}.Debug|Any CPU.Build.0 = Debug|Any CPU
		{0f8537a7-0d72-2f6b-cce0-195626c8c6cf}.Debug|Any CPU.ActiveCfg = Debug|Any CPU
		{0f8537a7-0d72-2f6b-cce0-195626c8c6cf}.Debug|Any CPU.Build.0 = Debug|Any CPU
		{8fe23955-c20c-8f8e-1d8a-501909f6939c}.Debug|Any CPU.ActiveCfg = Debug|Any CPU
		{8fe23955-c20c-8f8e-1d8a-501909f6939c}.Debug|Any CPU.Build.0 = Debug|Any CPU
		{9cf74455-0653-9f90-c855-53d6959d5dfd}.Debug|Any CPU.ActiveCfg = Debug|Any CPU
		{9cf74455-0653-9f90-c855-53d6959d5dfd}.Debug|Any CPU.Build.0 = Debug|Any CPU
		{a0582a18-e061-4f96-98da-1b6b6149bdee}.Debug|Any CPU.ActiveCfg = Debug|Any CPU
		{a0582a18-e061-4f96-98da-1b6b6149bdee}.Debug|Any CPU.Build.0 = Debug|Any CPU
		{dbdba6a7-f2f0-7ea9-ccd3-548e4c747b67}.Debug|Any CPU.ActiveCfg = Debug|Any CPU
		{dbdba6a7-f2f0-7ea9-ccd3-548e4c747b67}.Debug|Any CPU.Build.0 = Debug|Any CPU
		{9f834fb6-a752-30ea-da39-1ca927291744}.Debug|Any CPU.ActiveCfg = Debug|Any CPU
		{9f834fb6-a752-30ea-da39-1ca927291744}.Debug|Any CPU.Build.0 = Debug|Any CPU
		{e51e2259-817a-a9df-f478-b84e8f19bafd}.Debug|Any CPU.ActiveCfg = Debug|Any CPU
		{e51e2259-817a-a9df-f478-b84e8f19bafd}.Debug|Any CPU.Build.0 = Debug|Any CPU
		{d56f7dcc-0d39-3902-3b00-900c2d1b182b}.Debug|Any CPU.ActiveCfg = Debug|Any CPU
		{d56f7dcc-0d39-3902-3b00-900c2d1b182b}.Debug|Any CPU.Build.0 = Debug|Any CPU
		{979c0f51-f258-2364-de8c-5d0e12a1900f}.Debug|Any CPU.ActiveCfg = Debug|Any CPU
		{979c0f51-f258-2364-de8c-5d0e12a1900f}.Debug|Any CPU.Build.0 = Debug|Any CPU
		{01051c17-14b4-20b4-9ab3-f03dad924641}.Debug|Any CPU.ActiveCfg = Debug|Any CPU
		{01051c17-14b4-20b4-9ab3-f03dad924641}.Debug|Any CPU.Build.0 = Debug|Any CPU
		{bfa4af32-f823-126f-0b36-8689a73e7438}.Debug|Any CPU.ActiveCfg = Debug|Any CPU
		{bfa4af32-f823-126f-0b36-8689a73e7438}.Debug|Any CPU.Build.0 = Debug|Any CPU
		{d1024056-1084-ea89-f063-b34a3adceced}.Debug|Any CPU.ActiveCfg = Debug|Any CPU
		{d1024056-1084-ea89-f063-b34a3adceced}.Debug|Any CPU.Build.0 = Debug|Any CPU
		{6c069222-a403-3357-4636-43653c20a180}.Debug|Any CPU.ActiveCfg = Debug|Any CPU
		{6c069222-a403-3357-4636-43653c20a180}.Debug|Any CPU.Build.0 = Debug|Any CPU
		{368cf049-f75d-0a3f-4039-a90bb86efaa9}.Debug|Any CPU.ActiveCfg = Debug|Any CPU
		{368cf049-f75d-0a3f-4039-a90bb86efaa9}.Debug|Any CPU.Build.0 = Debug|Any CPU
		{46a768cf-0c9b-596d-69cb-da65ad487ead}.Debug|Any CPU.ActiveCfg = Debug|Any CPU
		{46a768cf-0c9b-596d-69cb-da65ad487ead}.Debug|Any CPU.Build.0 = Debug|Any CPU
		{542d7cc5-ff84-220e-82cb-600dcd89302d}.Debug|Any CPU.ActiveCfg = Debug|Any CPU
		{542d7cc5-ff84-220e-82cb-600dcd89302d}.Debug|Any CPU.Build.0 = Debug|Any CPU
		{4e3d4c2c-836e-080c-5950-b3af7e3c0286}.Debug|Any CPU.ActiveCfg = Debug|Any CPU
		{4e3d4c2c-836e-080c-5950-b3af7e3c0286}.Debug|Any CPU.Build.0 = Debug|Any CPU
		{7e00453d-07e2-cf85-0fe7-60952118f595}.Debug|Any CPU.ActiveCfg = Debug|Any CPU
		{7e00453d-07e2-cf85-0fe7-60952118f595}.Debug|Any CPU.Build.0 = Debug|Any CPU
		{41c99686-a020-df23-0a15-667f30a831c4}.Debug|Any CPU.ActiveCfg = Debug|Any CPU
		{41c99686-a020-df23-0a15-667f30a831c4}.Debug|Any CPU.Build.0 = Debug|Any CPU
		{b898a651-6f82-fbed-dad4-ba57469584ee}.Debug|Any CPU.ActiveCfg = Debug|Any CPU
		{b898a651-6f82-fbed-dad4-ba57469584ee}.Debug|Any CPU.Build.0 = Debug|Any CPU
		{e23a20b8-bdc8-3ba8-140b-6724d85f8207}.Debug|Any CPU.ActiveCfg = Debug|Any CPU
		{e23a20b8-bdc8-3ba8-140b-6724d85f8207}.Debug|Any CPU.Build.0 = Debug|Any CPU
	EndGlobalSection
	GlobalSection(SolutionProperties) = preSolution
		HideSolutionNode = FALSE
	EndGlobalSection
EndGlobal
