
Microsoft Visual Studio Solution File, Format Version 11.00
# Visual Studio 2010
Project("{FAE04EC0-301F-11D3-BF4B-00C04F79EFBC}") = "Zenject", "Zenject.csproj", "{1cfb9808-d979-347d-fc5a-21903b2631da}"
EndProject
Project("{FAE04EC0-301F-11D3-BF4B-00C04F79EFBC}") = "Assembly-CSharp", "Assembly-CSharp.csproj", "{8441f412-22a4-275f-22e6-507969043f15}"
EndProject
Project("{FAE04EC0-301F-11D3-BF4B-00C04F79EFBC}") = "GoogleMobileAds", "GoogleMobileAds.csproj", "{7b45844b-69b7-978d-d4f3-0157426dcde1}"
EndProject
Project("{FAE04EC0-301F-11D3-BF4B-00C04F79EFBC}") = "LeTai.TranslucentImage.Demo", "LeTai.TranslucentImage.Demo.csproj", "{8984c209-a36b-c7b9-35ec-a1322f14e2f3}"
EndProject
Project("{FAE04EC0-301F-11D3-BF4B-00C04F79EFBC}") = "ShapesRuntime", "ShapesRuntime.csproj", "{99fc1111-4b63-5864-f1e8-50ea98afe3eb}"
EndProject
Project("{FAE04EC0-301F-11D3-BF4B-00C04F79EFBC}") = "LeanTouchPlus", "LeanTouchPlus.csproj", "{91d5eed8-60af-c338-3b96-f841e164ad5a}"
EndProject
Project("{FAE04EC0-301F-11D3-BF4B-00C04F79EFBC}") = "Zenject-IntegrationTests", "Zenject-IntegrationTests.csproj", "{9d64e0e0-d2bf-0286-dbb0-b6f7de77b242}"
EndProject
Project("{FAE04EC0-301F-11D3-BF4B-00C04F79EFBC}") = "Zenject-IntegrationTests-Editor", "Zenject-IntegrationTests-Editor.csproj", "{1c424744-957a-26f4-d8e0-db4a715d0533}"
EndProject
Project("{FAE04EC0-301F-11D3-BF4B-00C04F79EFBC}") = "LeanTouch", "LeanTouch.csproj", "{fabab6fd-ce5d-b8e9-c7f1-00dab331447b}"
EndProject
Project("{FAE04EC0-301F-11D3-BF4B-00C04F79EFBC}") = "LeTai.TranslucentImage", "LeTai.TranslucentImage.csproj", "{8fa200cd-f859-95b4-8c64-e2b8ecf5583a}"
EndProject
Project("{FAE04EC0-301F-11D3-BF4B-00C04F79EFBC}") = "LeanCommon", "LeanCommon.csproj", "{b84c5e54-bf41-bdac-dd64-59140a6d59ce}"
EndProject
Project("{FAE04EC0-301F-11D3-BF4B-00C04F79EFBC}") = "Malee.ReorderableList", "Malee.ReorderableList.csproj", "{8b52bd2c-8b35-3c40-375f-9ed705a1b155}"
EndProject
Project("{FAE04EC0-301F-11D3-BF4B-00C04F79EFBC}") = "Assembly-CSharp-Editor", "Assembly-CSharp-Editor.csproj", "{9cf74455-0653-9f90-c855-53d6959d5dfd}"
EndProject
Project("{FAE04EC0-301F-11D3-BF4B-00C04F79EFBC}") = "Zenject-PoolMonitor-Editor", "Zenject-PoolMonitor-Editor.csproj", "{63b2b48a-78b3-8da0-b943-c308151a6ef3}"
EndProject
Project("{FAE04EC0-301F-11D3-BF4B-00C04F79EFBC}") = "Zenject-UnitTests-Editor", "Zenject-UnitTests-Editor.csproj", "{6e1e3ec6-e18c-554f-5da4-49773c4445a0}"
EndProject
Project("{FAE04EC0-301F-11D3-BF4B-00C04F79EFBC}") = "ShapesEditor", "ShapesEditor.csproj", "{9f834fb6-a752-30ea-da39-1ca927291744}"
EndProject
Project("{FAE04EC0-301F-11D3-BF4B-00C04F79EFBC}") = "LeTai.TranslucentImage.Editor", "LeTai.TranslucentImage.Editor.csproj", "{01051c17-14b4-20b4-9ab3-f03dad924641}"
EndProject
Project("{FAE04EC0-301F-11D3-BF4B-00C04F79EFBC}") = "Zenject-ReflectionBaking-Editor", "Zenject-ReflectionBaking-Editor.csproj", "{4e3d4c2c-836e-080c-5950-b3af7e3c0286}"
EndProject
Project("{FAE04EC0-301F-11D3-BF4B-00C04F79EFBC}") = "Zenject-TestFramework", "Zenject-TestFramework.csproj", "{d1024056-1084-ea89-f063-b34a3adceced}"
EndProject
Project("{FAE04EC0-301F-11D3-BF4B-00C04F79EFBC}") = "Zenject-Editor", "Zenject-Editor.csproj", "{41c99686-a020-df23-0a15-667f30a831c4}"
EndProject
Project("{FAE04EC0-301F-11D3-BF4B-00C04F79EFBC}") = "Malee.ReorderableList.Editor", "Malee.ReorderableList.Editor.csproj", "{773a5f0c-eee8-6163-2654-803fcc1f3580}"
EndProject
Project("{FAE04EC0-301F-11D3-BF4B-00C04F79EFBC}") = "GoogleMobileAds.Editor", "GoogleMobileAds.Editor.csproj", "{7e00453d-07e2-cf85-0fe7-60952118f595}"
EndProject
Global
	GlobalSection(SolutionConfigurationPlatforms) = preSolution
		Debug|Any CPU = Debug|Any CPU
		Release|Any CPU = Release|Any CPU
	EndGlobalSection
	GlobalSection(ProjectConfigurationPlatforms) = postSolution
		{1cfb9808-d979-347d-fc5a-21903b2631da}.Debug|Any CPU.ActiveCfg = Debug|Any CPU
		{1cfb9808-d979-347d-fc5a-21903b2631da}.Debug|Any CPU.Build.0 = Debug|Any CPU
		{1cfb9808-d979-347d-fc5a-21903b2631da}.Release|Any CPU.ActiveCfg = Release|Any CPU
		{1cfb9808-d979-347d-fc5a-21903b2631da}.Release|Any CPU.Build.0 = Release|Any CPU
		{8441f412-22a4-275f-22e6-507969043f15}.Debug|Any CPU.ActiveCfg = Debug|Any CPU
		{8441f412-22a4-275f-22e6-507969043f15}.Debug|Any CPU.Build.0 = Debug|Any CPU
		{8441f412-22a4-275f-22e6-507969043f15}.Release|Any CPU.ActiveCfg = Release|Any CPU
		{8441f412-22a4-275f-22e6-507969043f15}.Release|Any CPU.Build.0 = Release|Any CPU
		{7b45844b-69b7-978d-d4f3-0157426dcde1}.Debug|Any CPU.ActiveCfg = Debug|Any CPU
		{7b45844b-69b7-978d-d4f3-0157426dcde1}.Debug|Any CPU.Build.0 = Debug|Any CPU
		{7b45844b-69b7-978d-d4f3-0157426dcde1}.Release|Any CPU.ActiveCfg = Release|Any CPU
		{7b45844b-69b7-978d-d4f3-0157426dcde1}.Release|Any CPU.Build.0 = Release|Any CPU
		{8984c209-a36b-c7b9-35ec-a1322f14e2f3}.Debug|Any CPU.ActiveCfg = Debug|Any CPU
		{8984c209-a36b-c7b9-35ec-a1322f14e2f3}.Debug|Any CPU.Build.0 = Debug|Any CPU
		{8984c209-a36b-c7b9-35ec-a1322f14e2f3}.Release|Any CPU.ActiveCfg = Release|Any CPU
		{8984c209-a36b-c7b9-35ec-a1322f14e2f3}.Release|Any CPU.Build.0 = Release|Any CPU
		{99fc1111-4b63-5864-f1e8-50ea98afe3eb}.Debug|Any CPU.ActiveCfg = Debug|Any CPU
		{99fc1111-4b63-5864-f1e8-50ea98afe3eb}.Debug|Any CPU.Build.0 = Debug|Any CPU
		{99fc1111-4b63-5864-f1e8-50ea98afe3eb}.Release|Any CPU.ActiveCfg = Release|Any CPU
		{99fc1111-4b63-5864-f1e8-50ea98afe3eb}.Release|Any CPU.Build.0 = Release|Any CPU
		{91d5eed8-60af-c338-3b96-f841e164ad5a}.Debug|Any CPU.ActiveCfg = Debug|Any CPU
		{91d5eed8-60af-c338-3b96-f841e164ad5a}.Debug|Any CPU.Build.0 = Debug|Any CPU
		{91d5eed8-60af-c338-3b96-f841e164ad5a}.Release|Any CPU.ActiveCfg = Release|Any CPU
		{91d5eed8-60af-c338-3b96-f841e164ad5a}.Release|Any CPU.Build.0 = Release|Any CPU
		{9d64e0e0-d2bf-0286-dbb0-b6f7de77b242}.Debug|Any CPU.ActiveCfg = Debug|Any CPU
		{9d64e0e0-d2bf-0286-dbb0-b6f7de77b242}.Debug|Any CPU.Build.0 = Debug|Any CPU
		{9d64e0e0-d2bf-0286-dbb0-b6f7de77b242}.Release|Any CPU.ActiveCfg = Release|Any CPU
		{9d64e0e0-d2bf-0286-dbb0-b6f7de77b242}.Release|Any CPU.Build.0 = Release|Any CPU
		{1c424744-957a-26f4-d8e0-db4a715d0533}.Debug|Any CPU.ActiveCfg = Debug|Any CPU
		{1c424744-957a-26f4-d8e0-db4a715d0533}.Debug|Any CPU.Build.0 = Debug|Any CPU
		{1c424744-957a-26f4-d8e0-db4a715d0533}.Release|Any CPU.ActiveCfg = Release|Any CPU
		{1c424744-957a-26f4-d8e0-db4a715d0533}.Release|Any CPU.Build.0 = Release|Any CPU
		{fabab6fd-ce5d-b8e9-c7f1-00dab331447b}.Debug|Any CPU.ActiveCfg = Debug|Any CPU
		{fabab6fd-ce5d-b8e9-c7f1-00dab331447b}.Debug|Any CPU.Build.0 = Debug|Any CPU
		{fabab6fd-ce5d-b8e9-c7f1-00dab331447b}.Release|Any CPU.ActiveCfg = Release|Any CPU
		{fabab6fd-ce5d-b8e9-c7f1-00dab331447b}.Release|Any CPU.Build.0 = Release|Any CPU
		{8fa200cd-f859-95b4-8c64-e2b8ecf5583a}.Debug|Any CPU.ActiveCfg = Debug|Any CPU
		{8fa200cd-f859-95b4-8c64-e2b8ecf5583a}.Debug|Any CPU.Build.0 = Debug|Any CPU
		{8fa200cd-f859-95b4-8c64-e2b8ecf5583a}.Release|Any CPU.ActiveCfg = Release|Any CPU
		{8fa200cd-f859-95b4-8c64-e2b8ecf5583a}.Release|Any CPU.Build.0 = Release|Any CPU
		{b84c5e54-bf41-bdac-dd64-59140a6d59ce}.Debug|Any CPU.ActiveCfg = Debug|Any CPU
		{b84c5e54-bf41-bdac-dd64-59140a6d59ce}.Debug|Any CPU.Build.0 = Debug|Any CPU
		{b84c5e54-bf41-bdac-dd64-59140a6d59ce}.Release|Any CPU.ActiveCfg = Release|Any CPU
		{b84c5e54-bf41-bdac-dd64-59140a6d59ce}.Release|Any CPU.Build.0 = Release|Any CPU
		{8b52bd2c-8b35-3c40-375f-9ed705a1b155}.Debug|Any CPU.ActiveCfg = Debug|Any CPU
		{8b52bd2c-8b35-3c40-375f-9ed705a1b155}.Debug|Any CPU.Build.0 = Debug|Any CPU
		{8b52bd2c-8b35-3c40-375f-9ed705a1b155}.Release|Any CPU.ActiveCfg = Release|Any CPU
		{8b52bd2c-8b35-3c40-375f-9ed705a1b155}.Release|Any CPU.Build.0 = Release|Any CPU
		{9cf74455-0653-9f90-c855-53d6959d5dfd}.Debug|Any CPU.ActiveCfg = Debug|Any CPU
		{9cf74455-0653-9f90-c855-53d6959d5dfd}.Debug|Any CPU.Build.0 = Debug|Any CPU
		{9cf74455-0653-9f90-c855-53d6959d5dfd}.Release|Any CPU.ActiveCfg = Release|Any CPU
		{9cf74455-0653-9f90-c855-53d6959d5dfd}.Release|Any CPU.Build.0 = Release|Any CPU
		{63b2b48a-78b3-8da0-b943-c308151a6ef3}.Debug|Any CPU.ActiveCfg = Debug|Any CPU
		{63b2b48a-78b3-8da0-b943-c308151a6ef3}.Debug|Any CPU.Build.0 = Debug|Any CPU
		{63b2b48a-78b3-8da0-b943-c308151a6ef3}.Release|Any CPU.ActiveCfg = Release|Any CPU
		{63b2b48a-78b3-8da0-b943-c308151a6ef3}.Release|Any CPU.Build.0 = Release|Any CPU
		{6e1e3ec6-e18c-554f-5da4-49773c4445a0}.Debug|Any CPU.ActiveCfg = Debug|Any CPU
		{6e1e3ec6-e18c-554f-5da4-49773c4445a0}.Debug|Any CPU.Build.0 = Debug|Any CPU
		{6e1e3ec6-e18c-554f-5da4-49773c4445a0}.Release|Any CPU.ActiveCfg = Release|Any CPU
		{6e1e3ec6-e18c-554f-5da4-49773c4445a0}.Release|Any CPU.Build.0 = Release|Any CPU
		{9f834fb6-a752-30ea-da39-1ca927291744}.Debug|Any CPU.ActiveCfg = Debug|Any CPU
		{9f834fb6-a752-30ea-da39-1ca927291744}.Debug|Any CPU.Build.0 = Debug|Any CPU
		{9f834fb6-a752-30ea-da39-1ca927291744}.Release|Any CPU.ActiveCfg = Release|Any CPU
		{9f834fb6-a752-30ea-da39-1ca927291744}.Release|Any CPU.Build.0 = Release|Any CPU
		{01051c17-14b4-20b4-9ab3-f03dad924641}.Debug|Any CPU.ActiveCfg = Debug|Any CPU
		{01051c17-14b4-20b4-9ab3-f03dad924641}.Debug|Any CPU.Build.0 = Debug|Any CPU
		{01051c17-14b4-20b4-9ab3-f03dad924641}.Release|Any CPU.ActiveCfg = Release|Any CPU
		{01051c17-14b4-20b4-9ab3-f03dad924641}.Release|Any CPU.Build.0 = Release|Any CPU
		{4e3d4c2c-836e-080c-5950-b3af7e3c0286}.Debug|Any CPU.ActiveCfg = Debug|Any CPU
		{4e3d4c2c-836e-080c-5950-b3af7e3c0286}.Debug|Any CPU.Build.0 = Debug|Any CPU
		{4e3d4c2c-836e-080c-5950-b3af7e3c0286}.Release|Any CPU.ActiveCfg = Release|Any CPU
		{4e3d4c2c-836e-080c-5950-b3af7e3c0286}.Release|Any CPU.Build.0 = Release|Any CPU
		{d1024056-1084-ea89-f063-b34a3adceced}.Debug|Any CPU.ActiveCfg = Debug|Any CPU
		{d1024056-1084-ea89-f063-b34a3adceced}.Debug|Any CPU.Build.0 = Debug|Any CPU
		{d1024056-1084-ea89-f063-b34a3adceced}.Release|Any CPU.ActiveCfg = Release|Any CPU
		{d1024056-1084-ea89-f063-b34a3adceced}.Release|Any CPU.Build.0 = Release|Any CPU
		{41c99686-a020-df23-0a15-667f30a831c4}.Debug|Any CPU.ActiveCfg = Debug|Any CPU
		{41c99686-a020-df23-0a15-667f30a831c4}.Debug|Any CPU.Build.0 = Debug|Any CPU
		{41c99686-a020-df23-0a15-667f30a831c4}.Release|Any CPU.ActiveCfg = Release|Any CPU
		{41c99686-a020-df23-0a15-667f30a831c4}.Release|Any CPU.Build.0 = Release|Any CPU
		{773a5f0c-eee8-6163-2654-803fcc1f3580}.Debug|Any CPU.ActiveCfg = Debug|Any CPU
		{773a5f0c-eee8-6163-2654-803fcc1f3580}.Debug|Any CPU.Build.0 = Debug|Any CPU
		{773a5f0c-eee8-6163-2654-803fcc1f3580}.Release|Any CPU.ActiveCfg = Release|Any CPU
		{773a5f0c-eee8-6163-2654-803fcc1f3580}.Release|Any CPU.Build.0 = Release|Any CPU
		{7e00453d-07e2-cf85-0fe7-60952118f595}.Debug|Any CPU.ActiveCfg = Debug|Any CPU
		{7e00453d-07e2-cf85-0fe7-60952118f595}.Debug|Any CPU.Build.0 = Debug|Any CPU
		{7e00453d-07e2-cf85-0fe7-60952118f595}.Release|Any CPU.ActiveCfg = Release|Any CPU
		{7e00453d-07e2-cf85-0fe7-60952118f595}.Release|Any CPU.Build.0 = Release|Any CPU
	EndGlobalSection
	GlobalSection(SolutionProperties) = preSolution
		HideSolutionNode = FALSE
	EndGlobalSection
EndGlobal
