
Microsoft Visual Studio Solution File, Format Version 12.00
Project("{FAE04EC0-301F-11D3-BF4B-00C04F79EFBC}") = "MazeCreator", "MazeCreator\MazeCreator.csproj", "{AAE22CC2-6F46-4EAC-8462-35EEAE726548}"
EndProject
Global
	GlobalSection(SolutionConfigurationPlatforms) = preSolution
		Debug|Any CPU = Debug|Any CPU
		Release|Any CPU = Release|Any CPU
	EndGlobalSection
	GlobalSection(ProjectConfigurationPlatforms) = postSolution
		{AAE22CC2-6F46-4EAC-8462-35EEAE726548}.Debug|Any CPU.ActiveCfg = Debug|Any CPU
		{AAE22CC2-6F46-4EAC-8462-35EEAE726548}.Debug|Any CPU.Build.0 = Debug|Any CPU
		{AAE22CC2-6F46-4EAC-8462-35EEAE726548}.Release|Any CPU.ActiveCfg = Release|Any CPU
		{AAE22CC2-6F46-4EAC-8462-35EEAE726548}.Release|Any CPU.Build.0 = Release|Any CPU
	EndGlobalSection
EndGlobal
