
Microsoft Visual Studio Solution File, Format Version 11.00
# Visual Studio 2010
Project("{FAE04EC0-301F-11D3-BF4B-00C04F79EFBC}") = "Assembly-CSharp", "Assembly-CSharp.csproj", "{E54B1165-72E4-83D6-4B8C-C3CAC0FCAC25}"
EndProject
Project("{FAE04EC0-301F-11D3-BF4B-00C04F79EFBC}") = "LeanTouchPlus", "LeanTouchPlus.csproj", "{0F622B32-BC29-4883-ACC8-FAE5A2A07789}"
EndProject
Project("{FAE04EC0-301F-11D3-BF4B-00C04F79EFBC}") = "ShapesRuntime", "ShapesRuntime.csproj", "{BC0B14F6-4A36-D2A7-0AD6-D1EC3507F991}"
EndProject
Project("{FAE04EC0-301F-11D3-BF4B-00C04F79EFBC}") = "GoogleMobileAds", "GoogleMobileAds.csproj", "{C3B23387-85E3-31F8-3D67-5A7FB168FBAA}"
EndProject
Project("{FAE04EC0-301F-11D3-BF4B-00C04F79EFBC}") = "LeanTouch", "LeanTouch.csproj", "{B6E0890C-8A08-4B6C-DDF6-FD25F56BE7BA}"
EndProject
Project("{FAE04EC0-301F-11D3-BF4B-00C04F79EFBC}") = "LeTai.TranslucentImage", "LeTai.TranslucentImage.csproj", "{33D9F0CC-70D3-68D1-99A5-8B7BC8C4AF42}"
EndProject
Project("{FAE04EC0-301F-11D3-BF4B-00C04F79EFBC}") = "LeanCommon", "LeanCommon.csproj", "{CF96D8C5-CA0E-AA8D-DCA4-019942665FC9}"
EndProject
Project("{FAE04EC0-301F-11D3-BF4B-00C04F79EFBC}") = "LeTai.TranslucentImage.Demo", "LeTai.TranslucentImage.Demo.csproj", "{1E03B1F7-30CE-6763-904B-E8263C3BBF25}"
EndProject
Project("{FAE04EC0-301F-11D3-BF4B-00C04F79EFBC}") = "Malee.ReorderableList", "Malee.ReorderableList.csproj", "{09C96F56-E5E9-535D-6D8B-892FA5911B31}"
EndProject
Project("{FAE04EC0-301F-11D3-BF4B-00C04F79EFBC}") = "Unity.PlayerPrefsEditor.Samples.SampleScene", "Unity.PlayerPrefsEditor.Samples.SampleScene.csproj", "{C0D477FF-6499-6899-F6D9-FFBE37A30556}"
EndProject
Project("{FAE04EC0-301F-11D3-BF4B-00C04F79EFBC}") = "Assembly-CSharp-Editor", "Assembly-CSharp-Editor.csproj", "{416CDACC-BE73-4874-306D-159A6A1BC3B7}"
EndProject
Project("{FAE04EC0-301F-11D3-BF4B-00C04F79EFBC}") = "Malee.ReorderableList.Editor", "Malee.ReorderableList.Editor.csproj", "{40BB137D-C833-F011-1F3F-8D5EC7A55F5B}"
EndProject
Project("{FAE04EC0-301F-11D3-BF4B-00C04F79EFBC}") = "ShapesEditor", "ShapesEditor.csproj", "{97C80274-623F-6302-1325-843C9432BAFA}"
EndProject
Project("{FAE04EC0-301F-11D3-BF4B-00C04F79EFBC}") = "LeTai.TranslucentImage.Editor", "LeTai.TranslucentImage.Editor.csproj", "{B5C8CFF5-82F6-574E-EE70-72A2E00515B5}"
EndProject
Project("{FAE04EC0-301F-11D3-BF4B-00C04F79EFBC}") = "GoogleMobileAds.Editor", "GoogleMobileAds.Editor.csproj", "{535D154E-518E-A70D-BADD-A25C5D6A169E}"
EndProject
Project("{FAE04EC0-301F-11D3-BF4B-00C04F79EFBC}") = "Unity.PlayerPrefsEditor.Editor", "Unity.PlayerPrefsEditor.Editor.csproj", "{7447C593-7A62-2373-F1FC-65013C634C0E}"
EndProject
Project("{FAE04EC0-301F-11D3-BF4B-00C04F79EFBC}") = "Unity.PlayerPrefsEditor.EditorResources", "Unity.PlayerPrefsEditor.EditorResources.csproj", "{EEACDCC0-6900-6969-D267-1174F32C68AF}"
EndProject
Global
	GlobalSection(SolutionConfigurationPlatforms) = preSolution
		Debug|Any CPU = Debug|Any CPU
		Release|Any CPU = Release|Any CPU
	EndGlobalSection
	GlobalSection(ProjectConfigurationPlatforms) = postSolution
		{E54B1165-72E4-83D6-4B8C-C3CAC0FCAC25}.Debug|Any CPU.ActiveCfg = Debug|Any CPU
		{E54B1165-72E4-83D6-4B8C-C3CAC0FCAC25}.Debug|Any CPU.Build.0 = Debug|Any CPU
		{E54B1165-72E4-83D6-4B8C-C3CAC0FCAC25}.Release|Any CPU.ActiveCfg = Release|Any CPU
		{E54B1165-72E4-83D6-4B8C-C3CAC0FCAC25}.Release|Any CPU.Build.0 = Release|Any CPU
		{0F622B32-BC29-4883-ACC8-FAE5A2A07789}.Debug|Any CPU.ActiveCfg = Debug|Any CPU
		{0F622B32-BC29-4883-ACC8-FAE5A2A07789}.Debug|Any CPU.Build.0 = Debug|Any CPU
		{0F622B32-BC29-4883-ACC8-FAE5A2A07789}.Release|Any CPU.ActiveCfg = Release|Any CPU
		{0F622B32-BC29-4883-ACC8-FAE5A2A07789}.Release|Any CPU.Build.0 = Release|Any CPU
		{BC0B14F6-4A36-D2A7-0AD6-D1EC3507F991}.Debug|Any CPU.ActiveCfg = Debug|Any CPU
		{BC0B14F6-4A36-D2A7-0AD6-D1EC3507F991}.Debug|Any CPU.Build.0 = Debug|Any CPU
		{BC0B14F6-4A36-D2A7-0AD6-D1EC3507F991}.Release|Any CPU.ActiveCfg = Release|Any CPU
		{BC0B14F6-4A36-D2A7-0AD6-D1EC3507F991}.Release|Any CPU.Build.0 = Release|Any CPU
		{C3B23387-85E3-31F8-3D67-5A7FB168FBAA}.Debug|Any CPU.ActiveCfg = Debug|Any CPU
		{C3B23387-85E3-31F8-3D67-5A7FB168FBAA}.Debug|Any CPU.Build.0 = Debug|Any CPU
		{C3B23387-85E3-31F8-3D67-5A7FB168FBAA}.Release|Any CPU.ActiveCfg = Release|Any CPU
		{C3B23387-85E3-31F8-3D67-5A7FB168FBAA}.Release|Any CPU.Build.0 = Release|Any CPU
		{B6E0890C-8A08-4B6C-DDF6-FD25F56BE7BA}.Debug|Any CPU.ActiveCfg = Debug|Any CPU
		{B6E0890C-8A08-4B6C-DDF6-FD25F56BE7BA}.Debug|Any CPU.Build.0 = Debug|Any CPU
		{B6E0890C-8A08-4B6C-DDF6-FD25F56BE7BA}.Release|Any CPU.ActiveCfg = Release|Any CPU
		{B6E0890C-8A08-4B6C-DDF6-FD25F56BE7BA}.Release|Any CPU.Build.0 = Release|Any CPU
		{33D9F0CC-70D3-68D1-99A5-8B7BC8C4AF42}.Debug|Any CPU.ActiveCfg = Debug|Any CPU
		{33D9F0CC-70D3-68D1-99A5-8B7BC8C4AF42}.Debug|Any CPU.Build.0 = Debug|Any CPU
		{33D9F0CC-70D3-68D1-99A5-8B7BC8C4AF42}.Release|Any CPU.ActiveCfg = Release|Any CPU
		{33D9F0CC-70D3-68D1-99A5-8B7BC8C4AF42}.Release|Any CPU.Build.0 = Release|Any CPU
		{CF96D8C5-CA0E-AA8D-DCA4-019942665FC9}.Debug|Any CPU.ActiveCfg = Debug|Any CPU
		{CF96D8C5-CA0E-AA8D-DCA4-019942665FC9}.Debug|Any CPU.Build.0 = Debug|Any CPU
		{CF96D8C5-CA0E-AA8D-DCA4-019942665FC9}.Release|Any CPU.ActiveCfg = Release|Any CPU
		{CF96D8C5-CA0E-AA8D-DCA4-019942665FC9}.Release|Any CPU.Build.0 = Release|Any CPU
		{1E03B1F7-30CE-6763-904B-E8263C3BBF25}.Debug|Any CPU.ActiveCfg = Debug|Any CPU
		{1E03B1F7-30CE-6763-904B-E8263C3BBF25}.Debug|Any CPU.Build.0 = Debug|Any CPU
		{1E03B1F7-30CE-6763-904B-E8263C3BBF25}.Release|Any CPU.ActiveCfg = Release|Any CPU
		{1E03B1F7-30CE-6763-904B-E8263C3BBF25}.Release|Any CPU.Build.0 = Release|Any CPU
		{09C96F56-E5E9-535D-6D8B-892FA5911B31}.Debug|Any CPU.ActiveCfg = Debug|Any CPU
		{09C96F56-E5E9-535D-6D8B-892FA5911B31}.Debug|Any CPU.Build.0 = Debug|Any CPU
		{09C96F56-E5E9-535D-6D8B-892FA5911B31}.Release|Any CPU.ActiveCfg = Release|Any CPU
		{09C96F56-E5E9-535D-6D8B-892FA5911B31}.Release|Any CPU.Build.0 = Release|Any CPU
		{C0D477FF-6499-6899-F6D9-FFBE37A30556}.Debug|Any CPU.ActiveCfg = Debug|Any CPU
		{C0D477FF-6499-6899-F6D9-FFBE37A30556}.Debug|Any CPU.Build.0 = Debug|Any CPU
		{C0D477FF-6499-6899-F6D9-FFBE37A30556}.Release|Any CPU.ActiveCfg = Release|Any CPU
		{C0D477FF-6499-6899-F6D9-FFBE37A30556}.Release|Any CPU.Build.0 = Release|Any CPU
		{416CDACC-BE73-4874-306D-159A6A1BC3B7}.Debug|Any CPU.ActiveCfg = Debug|Any CPU
		{416CDACC-BE73-4874-306D-159A6A1BC3B7}.Debug|Any CPU.Build.0 = Debug|Any CPU
		{416CDACC-BE73-4874-306D-159A6A1BC3B7}.Release|Any CPU.ActiveCfg = Release|Any CPU
		{416CDACC-BE73-4874-306D-159A6A1BC3B7}.Release|Any CPU.Build.0 = Release|Any CPU
		{40BB137D-C833-F011-1F3F-8D5EC7A55F5B}.Debug|Any CPU.ActiveCfg = Debug|Any CPU
		{40BB137D-C833-F011-1F3F-8D5EC7A55F5B}.Debug|Any CPU.Build.0 = Debug|Any CPU
		{40BB137D-C833-F011-1F3F-8D5EC7A55F5B}.Release|Any CPU.ActiveCfg = Release|Any CPU
		{40BB137D-C833-F011-1F3F-8D5EC7A55F5B}.Release|Any CPU.Build.0 = Release|Any CPU
		{97C80274-623F-6302-1325-843C9432BAFA}.Debug|Any CPU.ActiveCfg = Debug|Any CPU
		{97C80274-623F-6302-1325-843C9432BAFA}.Debug|Any CPU.Build.0 = Debug|Any CPU
		{97C80274-623F-6302-1325-843C9432BAFA}.Release|Any CPU.ActiveCfg = Release|Any CPU
		{97C80274-623F-6302-1325-843C9432BAFA}.Release|Any CPU.Build.0 = Release|Any CPU
		{B5C8CFF5-82F6-574E-EE70-72A2E00515B5}.Debug|Any CPU.ActiveCfg = Debug|Any CPU
		{B5C8CFF5-82F6-574E-EE70-72A2E00515B5}.Debug|Any CPU.Build.0 = Debug|Any CPU
		{B5C8CFF5-82F6-574E-EE70-72A2E00515B5}.Release|Any CPU.ActiveCfg = Release|Any CPU
		{B5C8CFF5-82F6-574E-EE70-72A2E00515B5}.Release|Any CPU.Build.0 = Release|Any CPU
		{535D154E-518E-A70D-BADD-A25C5D6A169E}.Debug|Any CPU.ActiveCfg = Debug|Any CPU
		{535D154E-518E-A70D-BADD-A25C5D6A169E}.Debug|Any CPU.Build.0 = Debug|Any CPU
		{535D154E-518E-A70D-BADD-A25C5D6A169E}.Release|Any CPU.ActiveCfg = Release|Any CPU
		{535D154E-518E-A70D-BADD-A25C5D6A169E}.Release|Any CPU.Build.0 = Release|Any CPU
		{7447C593-7A62-2373-F1FC-65013C634C0E}.Debug|Any CPU.ActiveCfg = Debug|Any CPU
		{7447C593-7A62-2373-F1FC-65013C634C0E}.Debug|Any CPU.Build.0 = Debug|Any CPU
		{7447C593-7A62-2373-F1FC-65013C634C0E}.Release|Any CPU.ActiveCfg = Release|Any CPU
		{7447C593-7A62-2373-F1FC-65013C634C0E}.Release|Any CPU.Build.0 = Release|Any CPU
		{EEACDCC0-6900-6969-D267-1174F32C68AF}.Debug|Any CPU.ActiveCfg = Debug|Any CPU
		{EEACDCC0-6900-6969-D267-1174F32C68AF}.Debug|Any CPU.Build.0 = Debug|Any CPU
		{EEACDCC0-6900-6969-D267-1174F32C68AF}.Release|Any CPU.ActiveCfg = Release|Any CPU
		{EEACDCC0-6900-6969-D267-1174F32C68AF}.Release|Any CPU.Build.0 = Release|Any CPU
	EndGlobalSection
	GlobalSection(SolutionProperties) = preSolution
		HideSolutionNode = FALSE
	EndGlobalSection
EndGlobal
